// !$*UTF8*$!
{
	archiveVersion = 1;
	classes = {
	};
	objectVersion = 56;
	objects = {

/* Begin PBXBuildFile section */
		FF3E4A9D2A8694A500D81BED /* CreditScoreApp.swift in Sources */ = {isa = PBXBuildFile; fileRef = FF3E4A9C2A8694A500D81BED /* CreditScoreApp.swift */; };
		FF3E4A9F2A8694A500D81BED /* HomeScreen.swift in Sources */ = {isa = PBXBuildFile; fileRef = FF3E4A9E2A8694A500D81BED /* HomeScreen.swift */; };
		FF3E4AA12A8694A600D81BED /* Assets.xcassets in Resources */ = {isa = PBXBuildFile; fileRef = FF3E4AA02A8694A600D81BED /* Assets.xcassets */; };
		FF3E4AA52A8694A600D81BED /* Preview Assets.xcassets in Resources */ = {isa = PBXBuildFile; fileRef = FF3E4AA42A8694A600D81BED /* Preview Assets.xcassets */; };
		FF3E4AAF2A8694A600D81BED /* CreditScoreTests.swift in Sources */ = {isa = PBXBuildFile; fileRef = FF3E4AAE2A8694A600D81BED /* CreditScoreTests.swift */; };
		FF3E4AB92A8694A600D81BED /* CreditScoreUITests.swift in Sources */ = {isa = PBXBuildFile; fileRef = FF3E4AB82A8694A600D81BED /* CreditScoreUITests.swift */; };
		FF3E4ABB2A8694A600D81BED /* CreditScoreUITestsLaunchTests.swift in Sources */ = {isa = PBXBuildFile; fileRef = FF3E4ABA2A8694A600D81BED /* CreditScoreUITestsLaunchTests.swift */; };
		FF3E4AC92A8695D900D81BED /* PrimaryFont.swift in Sources */ = {isa = PBXBuildFile; fileRef = FF3E4AC82A8695D900D81BED /* PrimaryFont.swift */; };
		FF3E4ACB2A86960C00D81BED /* CreditReportView.swift in Sources */ = {isa = PBXBuildFile; fileRef = FF3E4ACA2A86960C00D81BED /* CreditReportView.swift */; };
		FF3E4ACE2A869C6F00D81BED /* CreditReportViewModel.swift in Sources */ = {isa = PBXBuildFile; fileRef = FF3E4ACD2A869C6F00D81BED /* CreditReportViewModel.swift */; };
		FF3E4AD12A86BADA00D81BED /* APIClient.swift in Sources */ = {isa = PBXBuildFile; fileRef = FF3E4AD02A86BADA00D81BED /* APIClient.swift */; };
		FF3E4AD32A86BAFC00D81BED /* APIManager.swift in Sources */ = {isa = PBXBuildFile; fileRef = FF3E4AD22A86BAFC00D81BED /* APIManager.swift */; };
		FF3E4AD62A86BB7E00D81BED /* ReportResponse.swift in Sources */ = {isa = PBXBuildFile; fileRef = FF3E4AD52A86BB7E00D81BED /* ReportResponse.swift */; };
		FF3E4ADA2A86DCFC00D81BED /* CoachingSummary.swift in Sources */ = {isa = PBXBuildFile; fileRef = FF3E4AD92A86DCFC00D81BED /* CoachingSummary.swift */; };
		FF3E4ADC2A86DD1F00D81BED /* ReportInfo.swift in Sources */ = {isa = PBXBuildFile; fileRef = FF3E4ADB2A86DD1F00D81BED /* ReportInfo.swift */; };
		FF3E4ADE2A86EBD500D81BED /* MockAPIManager.swift in Sources */ = {isa = PBXBuildFile; fileRef = FF3E4ADD2A86EBD500D81BED /* MockAPIManager.swift */; };
		FF3E4AE02A87885100D81BED /* Response.swift in Sources */ = {isa = PBXBuildFile; fileRef = FF3E4ADF2A87885100D81BED /* Response.swift */; };
		FF3E4AE22A878C9800D81BED /* DetailScreen.swift in Sources */ = {isa = PBXBuildFile; fileRef = FF3E4AE12A878C9800D81BED /* DetailScreen.swift */; };
		FF3E4AE72A87A1C600D81BED /* InfomationIndicator.swift in Sources */ = {isa = PBXBuildFile; fileRef = FF3E4AE62A87A1C600D81BED /* InfomationIndicator.swift */; };
		FF3E4AE92A87AD3100D81BED /* AnimatedRing.swift in Sources */ = {isa = PBXBuildFile; fileRef = FF3E4AE82A87AD3100D81BED /* AnimatedRing.swift */; };
/* End PBXBuildFile section */

/* Begin PBXContainerItemProxy section */
		FF3E4AAB2A8694A600D81BED /* PBXContainerItemProxy */ = {
			isa = PBXContainerItemProxy;
			containerPortal = FF3E4A912A8694A500D81BED /* Project object */;
			proxyType = 1;
			remoteGlobalIDString = FF3E4A982A8694A500D81BED;
			remoteInfo = CreditScore;
		};
		FF3E4AB52A8694A600D81BED /* PBXContainerItemProxy */ = {
			isa = PBXContainerItemProxy;
			containerPortal = FF3E4A912A8694A500D81BED /* Project object */;
			proxyType = 1;
			remoteGlobalIDString = FF3E4A982A8694A500D81BED;
			remoteInfo = CreditScore;
		};
/* End PBXContainerItemProxy section */

/* Begin PBXFileReference section */
		FF3E4A992A8694A500D81BED /* CreditScore.app */ = {isa = PBXFileReference; explicitFileType = wrapper.application; includeInIndex = 0; path = CreditScore.app; sourceTree = BUILT_PRODUCTS_DIR; };
		FF3E4A9C2A8694A500D81BED /* CreditScoreApp.swift */ = {isa = PBXFileReference; lastKnownFileType = sourcecode.swift; path = CreditScoreApp.swift; sourceTree = "<group>"; };
		FF3E4A9E2A8694A500D81BED /* HomeScreen.swift */ = {isa = PBXFileReference; lastKnownFileType = sourcecode.swift; path = HomeScreen.swift; sourceTree = "<group>"; };
		FF3E4AA02A8694A600D81BED /* Assets.xcassets */ = {isa = PBXFileReference; lastKnownFileType = folder.assetcatalog; path = Assets.xcassets; sourceTree = "<group>"; };
		FF3E4AA22A8694A600D81BED /* CreditScore.entitlements */ = {isa = PBXFileReference; lastKnownFileType = text.plist.entitlements; path = CreditScore.entitlements; sourceTree = "<group>"; };
		FF3E4AA42A8694A600D81BED /* Preview Assets.xcassets */ = {isa = PBXFileReference; lastKnownFileType = folder.assetcatalog; path = "Preview Assets.xcassets"; sourceTree = "<group>"; };
		FF3E4AAA2A8694A600D81BED /* CreditScoreTests.xctest */ = {isa = PBXFileReference; explicitFileType = wrapper.cfbundle; includeInIndex = 0; path = CreditScoreTests.xctest; sourceTree = BUILT_PRODUCTS_DIR; };
		FF3E4AAE2A8694A600D81BED /* CreditScoreTests.swift */ = {isa = PBXFileReference; lastKnownFileType = sourcecode.swift; path = CreditScoreTests.swift; sourceTree = "<group>"; };
		FF3E4AB42A8694A600D81BED /* CreditScoreUITests.xctest */ = {isa = PBXFileReference; explicitFileType = wrapper.cfbundle; includeInIndex = 0; path = CreditScoreUITests.xctest; sourceTree = BUILT_PRODUCTS_DIR; };
		FF3E4AB82A8694A600D81BED /* CreditScoreUITests.swift */ = {isa = PBXFileReference; lastKnownFileType = sourcecode.swift; path = CreditScoreUITests.swift; sourceTree = "<group>"; };
		FF3E4ABA2A8694A600D81BED /* CreditScoreUITestsLaunchTests.swift */ = {isa = PBXFileReference; lastKnownFileType = sourcecode.swift; path = CreditScoreUITestsLaunchTests.swift; sourceTree = "<group>"; };
		FF3E4AC82A8695D900D81BED /* PrimaryFont.swift */ = {isa = PBXFileReference; lastKnownFileType = sourcecode.swift; path = PrimaryFont.swift; sourceTree = "<group>"; };
		FF3E4ACA2A86960C00D81BED /* CreditReportView.swift */ = {isa = PBXFileReference; lastKnownFileType = sourcecode.swift; path = CreditReportView.swift; sourceTree = "<group>"; };
		FF3E4ACD2A869C6F00D81BED /* CreditReportViewModel.swift */ = {isa = PBXFileReference; lastKnownFileType = sourcecode.swift; path = CreditReportViewModel.swift; sourceTree = "<group>"; };
		FF3E4AD02A86BADA00D81BED /* APIClient.swift */ = {isa = PBXFileReference; lastKnownFileType = sourcecode.swift; path = APIClient.swift; sourceTree = "<group>"; };
		FF3E4AD22A86BAFC00D81BED /* APIManager.swift */ = {isa = PBXFileReference; lastKnownFileType = sourcecode.swift; path = APIManager.swift; sourceTree = "<group>"; };
		FF3E4AD52A86BB7E00D81BED /* ReportResponse.swift */ = {isa = PBXFileReference; lastKnownFileType = sourcecode.swift; path = ReportResponse.swift; sourceTree = "<group>"; };
		FF3E4AD92A86DCFC00D81BED /* CoachingSummary.swift */ = {isa = PBXFileReference; lastKnownFileType = sourcecode.swift; path = CoachingSummary.swift; sourceTree = "<group>"; };
		FF3E4ADB2A86DD1F00D81BED /* ReportInfo.swift */ = {isa = PBXFileReference; lastKnownFileType = sourcecode.swift; path = ReportInfo.swift; sourceTree = "<group>"; };
		FF3E4ADD2A86EBD500D81BED /* MockAPIManager.swift */ = {isa = PBXFileReference; lastKnownFileType = sourcecode.swift; path = MockAPIManager.swift; sourceTree = "<group>"; };
		FF3E4ADF2A87885100D81BED /* Response.swift */ = {isa = PBXFileReference; lastKnownFileType = sourcecode.swift; path = Response.swift; sourceTree = "<group>"; };
		FF3E4AE12A878C9800D81BED /* DetailScreen.swift */ = {isa = PBXFileReference; lastKnownFileType = sourcecode.swift; path = DetailScreen.swift; sourceTree = "<group>"; };
		FF3E4AE62A87A1C600D81BED /* InfomationIndicator.swift */ = {isa = PBXFileReference; lastKnownFileType = sourcecode.swift; path = InfomationIndicator.swift; sourceTree = "<group>"; };
		FF3E4AE82A87AD3100D81BED /* AnimatedRing.swift */ = {isa = PBXFileReference; lastKnownFileType = sourcecode.swift; path = AnimatedRing.swift; sourceTree = "<group>"; };
/* End PBXFileReference section */

/* Begin PBXFrameworksBuildPhase section */
		FF3E4A962A8694A500D81BED /* Frameworks */ = {
			isa = PBXFrameworksBuildPhase;
			buildActionMask = 2147483647;
			files = (
			);
			runOnlyForDeploymentPostprocessing = 0;
		};
		FF3E4AA72A8694A600D81BED /* Frameworks */ = {
			isa = PBXFrameworksBuildPhase;
			buildActionMask = 2147483647;
			files = (
			);
			runOnlyForDeploymentPostprocessing = 0;
		};
		FF3E4AB12A8694A600D81BED /* Frameworks */ = {
			isa = PBXFrameworksBuildPhase;
			buildActionMask = 2147483647;
			files = (
			);
			runOnlyForDeploymentPostprocessing = 0;
		};
/* End PBXFrameworksBuildPhase section */

/* Begin PBXGroup section */
		FF3E4A902A8694A500D81BED = {
			isa = PBXGroup;
			children = (
				FF3E4A9B2A8694A500D81BED /* CreditScore */,
				FF3E4AAD2A8694A600D81BED /* CreditScoreTests */,
				FF3E4AB72A8694A600D81BED /* CreditScoreUITests */,
				FF3E4A9A2A8694A500D81BED /* Products */,
			);
			sourceTree = "<group>";
		};
		FF3E4A9A2A8694A500D81BED /* Products */ = {
			isa = PBXGroup;
			children = (
				FF3E4A992A8694A500D81BED /* CreditScore.app */,
				FF3E4AAA2A8694A600D81BED /* CreditScoreTests.xctest */,
				FF3E4AB42A8694A600D81BED /* CreditScoreUITests.xctest */,
			);
			name = Products;
			sourceTree = "<group>";
		};
		FF3E4A9B2A8694A500D81BED /* CreditScore */ = {
			isa = PBXGroup;
			children = (
				FF3E4A9C2A8694A500D81BED /* CreditScoreApp.swift */,
				FF3E4AD42A86BB5E00D81BED /* Models */,
				FF3E4AC72A8695C500D81BED /* Modifiers */,
				FF3E4ACF2A86BABC00D81BED /* Network */,
				FF3E4ACC2A869C5F00D81BED /* ReportView */,
				FF3E4AD72A86C19C00D81BED /* Screens */,
				FF3E4AA02A8694A600D81BED /* Assets.xcassets */,
				FF3E4AA22A8694A600D81BED /* CreditScore.entitlements */,
				FF3E4AA32A8694A600D81BED /* Preview Content */,
			);
			path = CreditScore;
			sourceTree = "<group>";
		};
		FF3E4AA32A8694A600D81BED /* Preview Content */ = {
			isa = PBXGroup;
			children = (
				FF3E4AA42A8694A600D81BED /* Preview Assets.xcassets */,
			);
			path = "Preview Content";
			sourceTree = "<group>";
		};
		FF3E4AAD2A8694A600D81BED /* CreditScoreTests */ = {
			isa = PBXGroup;
			children = (
				FF3E4AAE2A8694A600D81BED /* CreditScoreTests.swift */,
				FF3E4ADD2A86EBD500D81BED /* MockAPIManager.swift */,
			);
			path = CreditScoreTests;
			sourceTree = "<group>";
		};
		FF3E4AB72A8694A600D81BED /* CreditScoreUITests */ = {
			isa = PBXGroup;
			children = (
				FF3E4AB82A8694A600D81BED /* CreditScoreUITests.swift */,
				FF3E4ABA2A8694A600D81BED /* CreditScoreUITestsLaunchTests.swift */,
			);
			path = CreditScoreUITests;
			sourceTree = "<group>";
		};
		FF3E4AC72A8695C500D81BED /* Modifiers */ = {
			isa = PBXGroup;
			children = (
				FF3E4AC82A8695D900D81BED /* PrimaryFont.swift */,
			);
			path = Modifiers;
			sourceTree = "<group>";
		};
		FF3E4ACC2A869C5F00D81BED /* ReportView */ = {
			isa = PBXGroup;
			children = (
				FF3E4AE82A87AD3100D81BED /* AnimatedRing.swift */,
				FF3E4AE62A87A1C600D81BED /* InfomationIndicator.swift */,
				FF3E4ACA2A86960C00D81BED /* CreditReportView.swift */,
				FF3E4ACD2A869C6F00D81BED /* CreditReportViewModel.swift */,
			);
			path = ReportView;
			sourceTree = "<group>";
		};
		FF3E4ACF2A86BABC00D81BED /* Network */ = {
			isa = PBXGroup;
			children = (
				FF3E4AD02A86BADA00D81BED /* APIClient.swift */,
				FF3E4ADF2A87885100D81BED /* Response.swift */,
				FF3E4AD22A86BAFC00D81BED /* APIManager.swift */,
			);
			path = Network;
			sourceTree = "<group>";
		};
		FF3E4AD42A86BB5E00D81BED /* Models */ = {
			isa = PBXGroup;
			children = (
				FF3E4ADB2A86DD1F00D81BED /* ReportInfo.swift */,
				FF3E4AD52A86BB7E00D81BED /* ReportResponse.swift */,
				FF3E4AD92A86DCFC00D81BED /* CoachingSummary.swift */,
			);
			path = Models;
			sourceTree = "<group>";
		};
		FF3E4AD72A86C19C00D81BED /* Screens */ = {
			isa = PBXGroup;
			children = (
				FF3E4AE12A878C9800D81BED /* DetailScreen.swift */,
				FF3E4A9E2A8694A500D81BED /* HomeScreen.swift */,
			);
			path = Screens;
			sourceTree = "<group>";
		};
/* End PBXGroup section */

/* Begin PBXNativeTarget section */
		FF3E4A982A8694A500D81BED /* CreditScore */ = {
			isa = PBXNativeTarget;
			buildConfigurationList = FF3E4ABE2A8694A600D81BED /* Build configuration list for PBXNativeTarget "CreditScore" */;
			buildPhases = (
				FF3E4A952A8694A500D81BED /* Sources */,
				FF3E4A962A8694A500D81BED /* Frameworks */,
				FF3E4A972A8694A500D81BED /* Resources */,
			);
			buildRules = (
			);
			dependencies = (
			);
			name = CreditScore;
			productName = CreditScore;
			productReference = FF3E4A992A8694A500D81BED /* CreditScore.app */;
			productType = "com.apple.product-type.application";
		};
		FF3E4AA92A8694A600D81BED /* CreditScoreTests */ = {
			isa = PBXNativeTarget;
			buildConfigurationList = FF3E4AC12A8694A600D81BED /* Build configuration list for PBXNativeTarget "CreditScoreTests" */;
			buildPhases = (
				FF3E4AA62A8694A600D81BED /* Sources */,
				FF3E4AA72A8694A600D81BED /* Frameworks */,
				FF3E4AA82A8694A600D81BED /* Resources */,
			);
			buildRules = (
			);
			dependencies = (
				FF3E4AAC2A8694A600D81BED /* PBXTargetDependency */,
			);
			name = CreditScoreTests;
			productName = CreditScoreTests;
			productReference = FF3E4AAA2A8694A600D81BED /* CreditScoreTests.xctest */;
			productType = "com.apple.product-type.bundle.unit-test";
		};
		FF3E4AB32A8694A600D81BED /* CreditScoreUITests */ = {
			isa = PBXNativeTarget;
			buildConfigurationList = FF3E4AC42A8694A600D81BED /* Build configuration list for PBXNativeTarget "CreditScoreUITests" */;
			buildPhases = (
				FF3E4AB02A8694A600D81BED /* Sources */,
				FF3E4AB12A8694A600D81BED /* Frameworks */,
				FF3E4AB22A8694A600D81BED /* Resources */,
			);
			buildRules = (
			);
			dependencies = (
				FF3E4AB62A8694A600D81BED /* PBXTargetDependency */,
			);
			name = CreditScoreUITests;
			productName = CreditScoreUITests;
			productReference = FF3E4AB42A8694A600D81BED /* CreditScoreUITests.xctest */;
			productType = "com.apple.product-type.bundle.ui-testing";
		};
/* End PBXNativeTarget section */

/* Begin PBXProject section */
		FF3E4A912A8694A500D81BED /* Project object */ = {
			isa = PBXProject;
			attributes = {
				BuildIndependentTargetsInParallel = 1;
				LastSwiftUpdateCheck = 1430;
				LastUpgradeCheck = 1430;
				TargetAttributes = {
					FF3E4A982A8694A500D81BED = {
						CreatedOnToolsVersion = 14.3.1;
					};
					FF3E4AA92A8694A600D81BED = {
						CreatedOnToolsVersion = 14.3.1;
						TestTargetID = FF3E4A982A8694A500D81BED;
					};
					FF3E4AB32A8694A600D81BED = {
						CreatedOnToolsVersion = 14.3.1;
						TestTargetID = FF3E4A982A8694A500D81BED;
					};
				};
			};
			buildConfigurationList = FF3E4A942A8694A500D81BED /* Build configuration list for PBXProject "CreditScore" */;
			compatibilityVersion = "Xcode 14.0";
			developmentRegion = en;
			hasScannedForEncodings = 0;
			knownRegions = (
				en,
				Base,
			);
			mainGroup = FF3E4A902A8694A500D81BED;
			productRefGroup = FF3E4A9A2A8694A500D81BED /* Products */;
			projectDirPath = "";
			projectRoot = "";
			targets = (
				FF3E4A982A8694A500D81BED /* CreditScore */,
				FF3E4AA92A8694A600D81BED /* CreditScoreTests */,
				FF3E4AB32A8694A600D81BED /* CreditScoreUITests */,
			);
		};
/* End PBXProject section */

/* Begin PBXResourcesBuildPhase section */
		FF3E4A972A8694A500D81BED /* Resources */ = {
			isa = PBXResourcesBuildPhase;
			buildActionMask = 2147483647;
			files = (
				FF3E4AA52A8694A600D81BED /* Preview Assets.xcassets in Resources */,
				FF3E4AA12A8694A600D81BED /* Assets.xcassets in Resources */,
			);
			runOnlyForDeploymentPostprocessing = 0;
		};
		FF3E4AA82A8694A600D81BED /* Resources */ = {
			isa = PBXResourcesBuildPhase;
			buildActionMask = 2147483647;
			files = (
			);
			runOnlyForDeploymentPostprocessing = 0;
		};
		FF3E4AB22A8694A600D81BED /* Resources */ = {
			isa = PBXResourcesBuildPhase;
			buildActionMask = 2147483647;
			files = (
			);
			runOnlyForDeploymentPostprocessing = 0;
		};
/* End PBXResourcesBuildPhase section */

/* Begin PBXSourcesBuildPhase section */
		FF3E4A952A8694A500D81BED /* Sources */ = {
			isa = PBXSourcesBuildPhase;
			buildActionMask = 2147483647;
			files = (
				FF3E4A9F2A8694A500D81BED /* HomeScreen.swift in Sources */,
				FF3E4AC92A8695D900D81BED /* PrimaryFont.swift in Sources */,
				FF3E4ACE2A869C6F00D81BED /* CreditReportViewModel.swift in Sources */,
				FF3E4A9D2A8694A500D81BED /* CreditScoreApp.swift in Sources */,
				FF3E4AE92A87AD3100D81BED /* AnimatedRing.swift in Sources */,
				FF3E4AD62A86BB7E00D81BED /* ReportResponse.swift in Sources */,
				FF3E4ADC2A86DD1F00D81BED /* ReportInfo.swift in Sources */,
				FF3E4ACB2A86960C00D81BED /* CreditReportView.swift in Sources */,
				FF3E4AE02A87885100D81BED /* Response.swift in Sources */,
				FF3E4AE22A878C9800D81BED /* DetailScreen.swift in Sources */,
				FF3E4AD12A86BADA00D81BED /* APIClient.swift in Sources */,
				FF3E4ADA2A86DCFC00D81BED /* CoachingSummary.swift in Sources */,
				FF3E4AD32A86BAFC00D81BED /* APIManager.swift in Sources */,
				FF3E4AE72A87A1C600D81BED /* InfomationIndicator.swift in Sources */,
			);
			runOnlyForDeploymentPostprocessing = 0;
		};
		FF3E4AA62A8694A600D81BED /* Sources */ = {
			isa = PBXSourcesBuildPhase;
			buildActionMask = 2147483647;
			files = (
				FF3E4ADE2A86EBD500D81BED /* MockAPIManager.swift in Sources */,
				FF3E4AAF2A8694A600D81BED /* CreditScoreTests.swift in Sources */,
			);
			runOnlyForDeploymentPostprocessing = 0;
		};
		FF3E4AB02A8694A600D81BED /* Sources */ = {
			isa = PBXSourcesBuildPhase;
			buildActionMask = 2147483647;
			files = (
				FF3E4ABB2A8694A600D81BED /* CreditScoreUITestsLaunchTests.swift in Sources */,
				FF3E4AB92A8694A600D81BED /* CreditScoreUITests.swift in Sources */,
			);
			runOnlyForDeploymentPostprocessing = 0;
		};
/* End PBXSourcesBuildPhase section */

/* Begin PBXTargetDependency section */
		FF3E4AAC2A8694A600D81BED /* PBXTargetDependency */ = {
			isa = PBXTargetDependency;
			target = FF3E4A982A8694A500D81BED /* CreditScore */;
			targetProxy = FF3E4AAB2A8694A600D81BED /* PBXContainerItemProxy */;
		};
		FF3E4AB62A8694A600D81BED /* PBXTargetDependency */ = {
			isa = PBXTargetDependency;
			target = FF3E4A982A8694A500D81BED /* CreditScore */;
			targetProxy = FF3E4AB52A8694A600D81BED /* PBXContainerItemProxy */;
		};
/* End PBXTargetDependency section */

/* Begin XCBuildConfiguration section */
		FF3E4ABC2A8694A600D81BED /* Debug */ = {
			isa = XCBuildConfiguration;
			buildSettings = {
				ALWAYS_SEARCH_USER_PATHS = NO;
				CLANG_ANALYZER_NONNULL = YES;
				CLANG_ANALYZER_NUMBER_OBJECT_CONVERSION = YES_AGGRESSIVE;
				CLANG_CXX_LANGUAGE_STANDARD = "gnu++20";
				CLANG_ENABLE_MODULES = YES;
				CLANG_ENABLE_OBJC_ARC = YES;
				CLANG_ENABLE_OBJC_WEAK = YES;
				CLANG_WARN_BLOCK_CAPTURE_AUTORELEASING = YES;
				CLANG_WARN_BOOL_CONVERSION = YES;
				CLANG_WARN_COMMA = YES;
				CLANG_WARN_CONSTANT_CONVERSION = YES;
				CLANG_WARN_DEPRECATED_OBJC_IMPLEMENTATIONS = YES;
				CLANG_WARN_DIRECT_OBJC_ISA_USAGE = YES_ERROR;
				CLANG_WARN_DOCUMENTATION_COMMENTS = YES;
				CLANG_WARN_EMPTY_BODY = YES;
				CLANG_WARN_ENUM_CONVERSION = YES;
				CLANG_WARN_INFINITE_RECURSION = YES;
				CLANG_WARN_INT_CONVERSION = YES;
				CLANG_WARN_NON_LITERAL_NULL_CONVERSION = YES;
				CLANG_WARN_OBJC_IMPLICIT_RETAIN_SELF = YES;
				CLANG_WARN_OBJC_LITERAL_CONVERSION = YES;
				CLANG_WARN_OBJC_ROOT_CLASS = YES_ERROR;
				CLANG_WARN_QUOTED_INCLUDE_IN_FRAMEWORK_HEADER = YES;
				CLANG_WARN_RANGE_LOOP_ANALYSIS = YES;
				CLANG_WARN_STRICT_PROTOTYPES = YES;
				CLANG_WARN_SUSPICIOUS_MOVE = YES;
				CLANG_WARN_UNGUARDED_AVAILABILITY = YES_AGGRESSIVE;
				CLANG_WARN_UNREACHABLE_CODE = YES;
				CLANG_WARN__DUPLICATE_METHOD_MATCH = YES;
				COPY_PHASE_STRIP = NO;
				DEBUG_INFORMATION_FORMAT = dwarf;
				ENABLE_STRICT_OBJC_MSGSEND = YES;
				ENABLE_TESTABILITY = YES;
				GCC_C_LANGUAGE_STANDARD = gnu11;
				GCC_DYNAMIC_NO_PIC = NO;
				GCC_NO_COMMON_BLOCKS = YES;
				GCC_OPTIMIZATION_LEVEL = 0;
				GCC_PREPROCESSOR_DEFINITIONS = (
					"DEBUG=1",
					"$(inherited)",
				);
				GCC_WARN_64_TO_32_BIT_CONVERSION = YES;
				GCC_WARN_ABOUT_RETURN_TYPE = YES_ERROR;
				GCC_WARN_UNDECLARED_SELECTOR = YES;
				GCC_WARN_UNINITIALIZED_AUTOS = YES_AGGRESSIVE;
				GCC_WARN_UNUSED_FUNCTION = YES;
				GCC_WARN_UNUSED_VARIABLE = YES;
				MTL_ENABLE_DEBUG_INFO = INCLUDE_SOURCE;
				MTL_FAST_MATH = YES;
				ONLY_ACTIVE_ARCH = YES;
				SWIFT_ACTIVE_COMPILATION_CONDITIONS = DEBUG;
				SWIFT_OPTIMIZATION_LEVEL = "-Onone";
			};
			name = Debug;
		};
		FF3E4ABD2A8694A600D81BED /* Release */ = {
			isa = XCBuildConfiguration;
			buildSettings = {
				ALWAYS_SEARCH_USER_PATHS = NO;
				CLANG_ANALYZER_NONNULL = YES;
				CLANG_ANALYZER_NUMBER_OBJECT_CONVERSION = YES_AGGRESSIVE;
				CLANG_CXX_LANGUAGE_STANDARD = "gnu++20";
				CLANG_ENABLE_MODULES = YES;
				CLANG_ENABLE_OBJC_ARC = YES;
				CLANG_ENABLE_OBJC_WEAK = YES;
				CLANG_WARN_BLOCK_CAPTURE_AUTORELEASING = YES;
				CLANG_WARN_BOOL_CONVERSION = YES;
				CLANG_WARN_COMMA = YES;
				CLANG_WARN_CONSTANT_CONVERSION = YES;
				CLANG_WARN_DEPRECATED_OBJC_IMPLEMENTATIONS = YES;
				CLANG_WARN_DIRECT_OBJC_ISA_USAGE = YES_ERROR;
				CLANG_WARN_DOCUMENTATION_COMMENTS = YES;
				CLANG_WARN_EMPTY_BODY = YES;
				CLANG_WARN_ENUM_CONVERSION = YES;
				CLANG_WARN_INFINITE_RECURSION = YES;
				CLANG_WARN_INT_CONVERSION = YES;
				CLANG_WARN_NON_LITERAL_NULL_CONVERSION = YES;
				CLANG_WARN_OBJC_IMPLICIT_RETAIN_SELF = YES;
				CLANG_WARN_OBJC_LITERAL_CONVERSION = YES;
				CLANG_WARN_OBJC_ROOT_CLASS = YES_ERROR;
				CLANG_WARN_QUOTED_INCLUDE_IN_FRAMEWORK_HEADER = YES;
				CLANG_WARN_RANGE_LOOP_ANALYSIS = YES;
				CLANG_WARN_STRICT_PROTOTYPES = YES;
				CLANG_WARN_SUSPICIOUS_MOVE = YES;
				CLANG_WARN_UNGUARDED_AVAILABILITY = YES_AGGRESSIVE;
				CLANG_WARN_UNREACHABLE_CODE = YES;
				CLANG_WARN__DUPLICATE_METHOD_MATCH = YES;
				COPY_PHASE_STRIP = NO;
				DEBUG_INFORMATION_FORMAT = "dwarf-with-dsym";
				ENABLE_NS_ASSERTIONS = NO;
				ENABLE_STRICT_OBJC_MSGSEND = YES;
				GCC_C_LANGUAGE_STANDARD = gnu11;
				GCC_NO_COMMON_BLOCKS = YES;
				GCC_WARN_64_TO_32_BIT_CONVERSION = YES;
				GCC_WARN_ABOUT_RETURN_TYPE = YES_ERROR;
				GCC_WARN_UNDECLARED_SELECTOR = YES;
				GCC_WARN_UNINITIALIZED_AUTOS = YES_AGGRESSIVE;
				GCC_WARN_UNUSED_FUNCTION = YES;
				GCC_WARN_UNUSED_VARIABLE = YES;
				MTL_ENABLE_DEBUG_INFO = NO;
				MTL_FAST_MATH = YES;
				SWIFT_COMPILATION_MODE = wholemodule;
				SWIFT_OPTIMIZATION_LEVEL = "-O";
			};
			name = Release;
		};
		FF3E4ABF2A8694A600D81BED /* Debug */ = {
			isa = XCBuildConfiguration;
			buildSettings = {
				ASSETCATALOG_COMPILER_APPICON_NAME = AppIcon;
				ASSETCATALOG_COMPILER_GLOBAL_ACCENT_COLOR_NAME = AccentColor;
				CODE_SIGN_ENTITLEMENTS = CreditScore/CreditScore.entitlements;
				CODE_SIGN_STYLE = Automatic;
				CURRENT_PROJECT_VERSION = 1;
				DEVELOPMENT_ASSET_PATHS = "\"CreditScore/Preview Content\"";
				DEVELOPMENT_TEAM = M29R4GDRCF;
				ENABLE_HARDENED_RUNTIME = YES;
				ENABLE_PREVIEWS = YES;
				GENERATE_INFOPLIST_FILE = YES;
				INFOPLIST_KEY_CFBundleDisplayName = SqueakyScore;
				INFOPLIST_KEY_LSApplicationCategoryType = "public.app-category.finance";
				"INFOPLIST_KEY_UIApplicationSceneManifest_Generation[sdk=iphoneos*]" = YES;
				"INFOPLIST_KEY_UIApplicationSceneManifest_Generation[sdk=iphonesimulator*]" = YES;
				"INFOPLIST_KEY_UIApplicationSupportsIndirectInputEvents[sdk=iphoneos*]" = YES;
				"INFOPLIST_KEY_UIApplicationSupportsIndirectInputEvents[sdk=iphonesimulator*]" = YES;
				"INFOPLIST_KEY_UILaunchScreen_Generation[sdk=iphoneos*]" = YES;
				"INFOPLIST_KEY_UILaunchScreen_Generation[sdk=iphonesimulator*]" = YES;
				"INFOPLIST_KEY_UIStatusBarStyle[sdk=iphoneos*]" = UIStatusBarStyleDefault;
				"INFOPLIST_KEY_UIStatusBarStyle[sdk=iphonesimulator*]" = UIStatusBarStyleDefault;
				INFOPLIST_KEY_UISupportedInterfaceOrientations = "UIInterfaceOrientationPortrait UIInterfaceOrientationPortraitUpsideDown";
				IPHONEOS_DEPLOYMENT_TARGET = 15.0;
				LD_RUNPATH_SEARCH_PATHS = "@executable_path/Frameworks";
				"LD_RUNPATH_SEARCH_PATHS[sdk=macosx*]" = "@executable_path/../Frameworks";
				MACOSX_DEPLOYMENT_TARGET = 13.3;
				MARKETING_VERSION = 1.0;
				PRODUCT_BUNDLE_IDENTIFIER = com.manenga.CreditScore;
				PRODUCT_NAME = "$(TARGET_NAME)";
				SDKROOT = auto;
				SUPPORTED_PLATFORMS = "iphoneos iphonesimulator";
				SUPPORTS_MACCATALYST = NO;
				SUPPORTS_MAC_DESIGNED_FOR_IPHONE_IPAD = NO;
				SWIFT_EMIT_LOC_STRINGS = YES;
				SWIFT_VERSION = 5.0;
				TARGETED_DEVICE_FAMILY = "1,2";
			};
			name = Debug;
		};
		FF3E4AC02A8694A600D81BED /* Release */ = {
			isa = XCBuildConfiguration;
			buildSettings = {
				ASSETCATALOG_COMPILER_APPICON_NAME = AppIcon;
				ASSETCATALOG_COMPILER_GLOBAL_ACCENT_COLOR_NAME = AccentColor;
				CODE_SIGN_ENTITLEMENTS = CreditScore/CreditScore.entitlements;
				CODE_SIGN_STYLE = Automatic;
				CURRENT_PROJECT_VERSION = 1;
				DEVELOPMENT_ASSET_PATHS = "\"CreditScore/Preview Content\"";
				DEVELOPMENT_TEAM = M29R4GDRCF;
				ENABLE_HARDENED_RUNTIME = YES;
				ENABLE_PREVIEWS = YES;
				GENERATE_INFOPLIST_FILE = YES;
				INFOPLIST_KEY_CFBundleDisplayName = SqueakyScore;
				INFOPLIST_KEY_LSApplicationCategoryType = "public.app-category.finance";
				"INFOPLIST_KEY_UIApplicationSceneManifest_Generation[sdk=iphoneos*]" = YES;
				"INFOPLIST_KEY_UIApplicationSceneManifest_Generation[sdk=iphonesimulator*]" = YES;
				"INFOPLIST_KEY_UIApplicationSupportsIndirectInputEvents[sdk=iphoneos*]" = YES;
				"INFOPLIST_KEY_UIApplicationSupportsIndirectInputEvents[sdk=iphonesimulator*]" = YES;
				"INFOPLIST_KEY_UILaunchScreen_Generation[sdk=iphoneos*]" = YES;
				"INFOPLIST_KEY_UILaunchScreen_Generation[sdk=iphonesimulator*]" = YES;
				"INFOPLIST_KEY_UIStatusBarStyle[sdk=iphoneos*]" = UIStatusBarStyleDefault;
				"INFOPLIST_KEY_UIStatusBarStyle[sdk=iphonesimulator*]" = UIStatusBarStyleDefault;
				INFOPLIST_KEY_UISupportedInterfaceOrientations = "UIInterfaceOrientationPortrait UIInterfaceOrientationPortraitUpsideDown";
				IPHONEOS_DEPLOYMENT_TARGET = 15.0;
				LD_RUNPATH_SEARCH_PATHS = "@executable_path/Frameworks";
				"LD_RUNPATH_SEARCH_PATHS[sdk=macosx*]" = "@executable_path/../Frameworks";
				MACOSX_DEPLOYMENT_TARGET = 13.3;
				MARKETING_VERSION = 1.0;
				PRODUCT_BUNDLE_IDENTIFIER = com.manenga.CreditScore;
				PRODUCT_NAME = "$(TARGET_NAME)";
				SDKROOT = auto;
				SUPPORTED_PLATFORMS = "iphoneos iphonesimulator";
				SUPPORTS_MACCATALYST = NO;
				SUPPORTS_MAC_DESIGNED_FOR_IPHONE_IPAD = NO;
				SWIFT_EMIT_LOC_STRINGS = YES;
				SWIFT_VERSION = 5.0;
				TARGETED_DEVICE_FAMILY = "1,2";
			};
			name = Release;
		};
		FF3E4AC22A8694A600D81BED /* Debug */ = {
			isa = XCBuildConfiguration;
			buildSettings = {
				ALWAYS_EMBED_SWIFT_STANDARD_LIBRARIES = YES;
				BUNDLE_LOADER = "$(TEST_HOST)";
				CODE_SIGN_STYLE = Automatic;
				CURRENT_PROJECT_VERSION = 1;
				DEVELOPMENT_TEAM = M29R4GDRCF;
				GENERATE_INFOPLIST_FILE = YES;
				IPHONEOS_DEPLOYMENT_TARGET = 16.4;
				MACOSX_DEPLOYMENT_TARGET = 13.3;
				MARKETING_VERSION = 1.0;
				PRODUCT_BUNDLE_IDENTIFIER = com.manenga.CreditScoreTests;
				PRODUCT_NAME = "$(TARGET_NAME)";
				SDKROOT = auto;
				SUPPORTED_PLATFORMS = "iphoneos iphonesimulator macosx";
				SWIFT_EMIT_LOC_STRINGS = NO;
				SWIFT_VERSION = 5.0;
				TARGETED_DEVICE_FAMILY = "1,2";
				TEST_HOST = "$(BUILT_PRODUCTS_DIR)/CreditScore.app/$(BUNDLE_EXECUTABLE_FOLDER_PATH)/CreditScore";
			};
			name = Debug;
		};
		FF3E4AC32A8694A600D81BED /* Release */ = {
			isa = XCBuildConfiguration;
			buildSettings = {
				ALWAYS_EMBED_SWIFT_STANDARD_LIBRARIES = YES;
				BUNDLE_LOADER = "$(TEST_HOST)";
				CODE_SIGN_STYLE = Automatic;
				CURRENT_PROJECT_VERSION = 1;
				DEVELOPMENT_TEAM = M29R4GDRCF;
				GENERATE_INFOPLIST_FILE = YES;
				IPHONEOS_DEPLOYMENT_TARGET = 16.4;
				MACOSX_DEPLOYMENT_TARGET = 13.3;
				MARKETING_VERSION = 1.0;
				PRODUCT_BUNDLE_IDENTIFIER = com.manenga.CreditScoreTests;
				PRODUCT_NAME = "$(TARGET_NAME)";
				SDKROOT = auto;
				SUPPORTED_PLATFORMS = "iphoneos iphonesimulator macosx";
				SWIFT_EMIT_LOC_STRINGS = NO;
				SWIFT_VERSION = 5.0;
				TARGETED_DEVICE_FAMILY = "1,2";
				TEST_HOST = "$(BUILT_PRODUCTS_DIR)/CreditScore.app/$(BUNDLE_EXECUTABLE_FOLDER_PATH)/CreditScore";
			};
			name = Release;
		};
		FF3E4AC52A8694A600D81BED /* Debug */ = {
			isa = XCBuildConfiguration;
			buildSettings = {
				ALWAYS_EMBED_SWIFT_STANDARD_LIBRARIES = YES;
				CODE_SIGN_STYLE = Automatic;
				CURRENT_PROJECT_VERSION = 1;
				DEVELOPMENT_TEAM = M29R4GDRCF;
				GENERATE_INFOPLIST_FILE = YES;
				IPHONEOS_DEPLOYMENT_TARGET = 16.4;
				MACOSX_DEPLOYMENT_TARGET = 13.3;
				MARKETING_VERSION = 1.0;
				PRODUCT_BUNDLE_IDENTIFIER = com.manenga.CreditScoreUITests;
				PRODUCT_NAME = "$(TARGET_NAME)";
				SDKROOT = auto;
				SUPPORTED_PLATFORMS = "iphoneos iphonesimulator macosx";
				SWIFT_EMIT_LOC_STRINGS = NO;
				SWIFT_VERSION = 5.0;
				TARGETED_DEVICE_FAMILY = "1,2";
				TEST_TARGET_NAME = CreditScore;
			};
			name = Debug;
		};
		FF3E4AC62A8694A600D81BED /* Release */ = {
			isa = XCBuildConfiguration;
			buildSettings = {
				ALWAYS_EMBED_SWIFT_STANDARD_LIBRARIES = YES;
				CODE_SIGN_STYLE = Automatic;
				CURRENT_PROJECT_VERSION = 1;
				DEVELOPMENT_TEAM = M29R4GDRCF;
				GENERATE_INFOPLIST_FILE = YES;
				IPHONEOS_DEPLOYMENT_TARGET = 16.4;
				MACOSX_DEPLOYMENT_TARGET = 13.3;
				MARKETING_VERSION = 1.0;
				PRODUCT_BUNDLE_IDENTIFIER = com.manenga.CreditScoreUITests;
				PRODUCT_NAME = "$(TARGET_NAME)";
				SDKROOT = auto;
				SUPPORTED_PLATFORMS = "iphoneos iphonesimulator macosx";
				SWIFT_EMIT_LOC_STRINGS = NO;
				SWIFT_VERSION = 5.0;
				TARGETED_DEVICE_FAMILY = "1,2";
				TEST_TARGET_NAME = CreditScore;
			};
			name = Release;
		};
/* End XCBuildConfiguration section */

/* Begin XCConfigurationList section */
		FF3E4A942A8694A500D81BED /* Build configuration list for PBXProject "CreditScore" */ = {
			isa = XCConfigurationList;
			buildConfigurations = (
				FF3E4ABC2A8694A600D81BED /* Debug */,
				FF3E4ABD2A8694A600D81BED /* Release */,
			);
			defaultConfigurationIsVisible = 0;
			defaultConfigurationName = Release;
		};
		FF3E4ABE2A8694A600D81BED /* Build configuration list for PBXNativeTarget "CreditScore" */ = {
			isa = XCConfigurationList;
			buildConfigurations = (
				FF3E4ABF2A8694A600D81BED /* Debug */,
				FF3E4AC02A8694A600D81BED /* Release */,
			);
			defaultConfigurationIsVisible = 0;
			defaultConfigurationName = Release;
		};
		FF3E4AC12A8694A600D81BED /* Build configuration list for PBXNativeTarget "CreditScoreTests" */ = {
			isa = XCConfigurationList;
			buildConfigurations = (
				FF3E4AC22A8694A600D81BED /* Debug */,
				FF3E4AC32A8694A600D81BED /* Release */,
			);
			defaultConfigurationIsVisible = 0;
			defaultConfigurationName = Release;
		};
		FF3E4AC42A8694A600D81BED /* Build configuration list for PBXNativeTarget "CreditScoreUITests" */ = {
			isa = XCConfigurationList;
			buildConfigurations = (
				FF3E4AC52A8694A600D81BED /* Debug */,
				FF3E4AC62A8694A600D81BED /* Release */,
			);
			defaultConfigurationIsVisible = 0;
			defaultConfigurationName = Release;
		};
/* End XCConfigurationList section */
	};
	rootObject = FF3E4A912A8694A500D81BED /* Project object */;
}
